
Microsoft Visual Studio Solution File, Format Version 12.00
# Visual Studio Version 16
VisualStudioVersion = 16.0.29519.87
MinimumVisualStudioVersion = 10.0.40219.1
Project("{FAE04EC0-301F-11D3-BF4B-00C04F79EFBC}") = "DivTwoInt", "DivTwoInt\DivTwoInt.csproj", "{2931FD87-C8BC-4057-932E-064962DAD772}"
EndProject
Global
	GlobalSection(SolutionConfigurationPlatforms) = preSolution
		Debug|Any CPU = Debug|Any CPU
		Release|Any CPU = Release|Any CPU
	EndGlobalSection
	GlobalSection(ProjectConfigurationPlatforms) = postSolution
		{2931FD87-C8BC-4057-932E-064962DAD772}.Debug|Any CPU.ActiveCfg = Debug|Any CPU
		{2931FD87-C8BC-4057-932E-064962DAD772}.Debug|Any CPU.Build.0 = Debug|Any CPU
		{2931FD87-C8BC-4057-932E-064962DAD772}.Release|Any CPU.ActiveCfg = Release|Any CPU
		{2931FD87-C8BC-4057-932E-064962DAD772}.Release|Any CPU.Build.0 = Release|Any CPU
	EndGlobalSection
	GlobalSection(SolutionProperties) = preSolution
		HideSolutionNode = FALSE
	EndGlobalSection
	GlobalSection(ExtensibilityGlobals) = postSolution
		SolutionGuid = {BEE76761-F413-4F2A-93CA-EE55713F9815}
	EndGlobalSection
EndGlobal
